<?xml version="1.0" encoding="UTF-8"?>
<CodeBlocks_project_file>
	<FileVersion major="1" minor="6"/>
	<Project>
		<Option title="CS231n"/>
		<Option makefile_is_custom="1"/>
		<Option compiler="gcc"/>
		<Option virtualFolders="CMake Files\;CMake Files\CSV\;CMake Files\CSV\lib\;CMake Files\CSV\test\;CMake Files\Image\;CMake Files\Image\lib\;CMake Files\Image\test\;CMake Files\ImageIterator\;CMake Files\ImageIterator\lib\;CMake Files\ImageIterator\test\;CMake Files\Classifier\;CMake Files\Classifier\lib\;CMake Files\Classifier\test\;"/>
		<Build>
			<Target title="all">
				<Option working_dir="C:/Users/asafa/Desktop/anter/projects/build-CS231n-Desktop_Qt_5_14_1_MinGW_64_bit-Debug"/>
				<Option type="4"/>
				<MakeCommands>
					<Build command="C:/Qt/Tools/mingw730_64/bin/mingw32-make.exe -f &quot;C:/Users/asafa/Desktop/anter/projects/build-CS231n-Desktop_Qt_5_14_1_MinGW_64_bit-Debug/Makefile&quot;  VERBOSE=1 all"/>
					<CompileFile command="C:/Qt/Tools/mingw730_64/bin/mingw32-make.exe -f &quot;C:/Users/asafa/Desktop/anter/projects/build-CS231n-Desktop_Qt_5_14_1_MinGW_64_bit-Debug/Makefile&quot;  VERBOSE=1 &quot;$file&quot;"/>
					<Clean command="C:/Qt/Tools/mingw730_64/bin/mingw32-make.exe -f &quot;C:/Users/asafa/Desktop/anter/projects/build-CS231n-Desktop_Qt_5_14_1_MinGW_64_bit-Debug/Makefile&quot;  VERBOSE=1 clean"/>
					<DistClean command="C:/Qt/Tools/mingw730_64/bin/mingw32-make.exe -f &quot;C:/Users/asafa/Desktop/anter/projects/build-CS231n-Desktop_Qt_5_14_1_MinGW_64_bit-Debug/Makefile&quot;  VERBOSE=1 clean"/>
				</MakeCommands>
			</Target>
			<Target title="edit_cache">
				<Option working_dir="C:/Users/asafa/Desktop/anter/projects/build-CS231n-Desktop_Qt_5_14_1_MinGW_64_bit-Debug"/>
				<Option type="4"/>
				<MakeCommands>
					<Build command="C:/Qt/Tools/mingw730_64/bin/mingw32-make.exe -f &quot;C:/Users/asafa/Desktop/anter/projects/build-CS231n-Desktop_Qt_5_14_1_MinGW_64_bit-Debug/Makefile&quot;  VERBOSE=1 edit_cache"/>
					<CompileFile command="C:/Qt/Tools/mingw730_64/bin/mingw32-make.exe -f &quot;C:/Users/asafa/Desktop/anter/projects/build-CS231n-Desktop_Qt_5_14_1_MinGW_64_bit-Debug/Makefile&quot;  VERBOSE=1 &quot;$file&quot;"/>
					<Clean command="C:/Qt/Tools/mingw730_64/bin/mingw32-make.exe -f &quot;C:/Users/asafa/Desktop/anter/projects/build-CS231n-Desktop_Qt_5_14_1_MinGW_64_bit-Debug/Makefile&quot;  VERBOSE=1 clean"/>
					<DistClean command="C:/Qt/Tools/mingw730_64/bin/mingw32-make.exe -f &quot;C:/Users/asafa/Desktop/anter/projects/build-CS231n-Desktop_Qt_5_14_1_MinGW_64_bit-Debug/Makefile&quot;  VERBOSE=1 clean"/>
				</MakeCommands>
			</Target>
			<Target title="rebuild_cache">
				<Option working_dir="C:/Users/asafa/Desktop/anter/projects/build-CS231n-Desktop_Qt_5_14_1_MinGW_64_bit-Debug"/>
				<Option type="4"/>
				<MakeCommands>
					<Build command="C:/Qt/Tools/mingw730_64/bin/mingw32-make.exe -f &quot;C:/Users/asafa/Desktop/anter/projects/build-CS231n-Desktop_Qt_5_14_1_MinGW_64_bit-Debug/Makefile&quot;  VERBOSE=1 rebuild_cache"/>
					<CompileFile command="C:/Qt/Tools/mingw730_64/bin/mingw32-make.exe -f &quot;C:/Users/asafa/Desktop/anter/projects/build-CS231n-Desktop_Qt_5_14_1_MinGW_64_bit-Debug/Makefile&quot;  VERBOSE=1 &quot;$file&quot;"/>
					<Clean command="C:/Qt/Tools/mingw730_64/bin/mingw32-make.exe -f &quot;C:/Users/asafa/Desktop/anter/projects/build-CS231n-Desktop_Qt_5_14_1_MinGW_64_bit-Debug/Makefile&quot;  VERBOSE=1 clean"/>
					<DistClean command="C:/Qt/Tools/mingw730_64/bin/mingw32-make.exe -f &quot;C:/Users/asafa/Desktop/anter/projects/build-CS231n-Desktop_Qt_5_14_1_MinGW_64_bit-Debug/Makefile&quot;  VERBOSE=1 clean"/>
				</MakeCommands>
			</Target>
			<Target title="CSV-lib">
				<Option output="C:/Users/asafa/Desktop/anter/projects/build-CS231n-Desktop_Qt_5_14_1_MinGW_64_bit-Debug/CSV/lib/libCSV-lib.a" prefix_auto="0" extension_auto="0"/>
				<Option working_dir="C:/Users/asafa/Desktop/anter/projects/build-CS231n-Desktop_Qt_5_14_1_MinGW_64_bit-Debug/CSV/lib"/>
				<Option object_output="./"/>
				<Option type="2"/>
				<Option compiler="gcc"/>
				<Compiler>
					<Add directory="C:/Users/asafa/Desktop/anter/projects/CS231n/CSV/lib"/>
					<Add directory="C:/Qt/Tools/mingw730_64/bin/../lib/gcc/x86_64-w64-mingw32/7.3.0/include/c++"/>
					<Add directory="C:/Qt/Tools/mingw730_64/bin/../lib/gcc/x86_64-w64-mingw32/7.3.0/include/c++/x86_64-w64-mingw32"/>
					<Add directory="C:/Qt/Tools/mingw730_64/bin/../lib/gcc/x86_64-w64-mingw32/7.3.0/include/c++/backward"/>
					<Add directory="C:/Qt/Tools/mingw730_64/bin/../lib/gcc/x86_64-w64-mingw32/7.3.0/include"/>
					<Add directory="C:/Qt/Tools/mingw730_64/bin/../lib/gcc/x86_64-w64-mingw32/7.3.0/include-fixed"/>
					<Add directory="C:/Qt/Tools/mingw730_64/bin/../lib/gcc/x86_64-w64-mingw32/7.3.0/../../../../x86_64-w64-mingw32/include"/>
				</Compiler>
				<MakeCommands>
					<Build command="C:/Qt/Tools/mingw730_64/bin/mingw32-make.exe -f &quot;C:/Users/asafa/Desktop/anter/projects/build-CS231n-Desktop_Qt_5_14_1_MinGW_64_bit-Debug/CSV/lib/Makefile&quot;  VERBOSE=1 CSV-lib"/>
					<CompileFile command="C:/Qt/Tools/mingw730_64/bin/mingw32-make.exe -f &quot;C:/Users/asafa/Desktop/anter/projects/build-CS231n-Desktop_Qt_5_14_1_MinGW_64_bit-Debug/CSV/lib/Makefile&quot;  VERBOSE=1 &quot;$file&quot;"/>
					<Clean command="C:/Qt/Tools/mingw730_64/bin/mingw32-make.exe -f &quot;C:/Users/asafa/Desktop/anter/projects/build-CS231n-Desktop_Qt_5_14_1_MinGW_64_bit-Debug/CSV/lib/Makefile&quot;  VERBOSE=1 clean"/>
					<DistClean command="C:/Qt/Tools/mingw730_64/bin/mingw32-make.exe -f &quot;C:/Users/asafa/Desktop/anter/projects/build-CS231n-Desktop_Qt_5_14_1_MinGW_64_bit-Debug/CSV/lib/Makefile&quot;  VERBOSE=1 clean"/>
				</MakeCommands>
			</Target>
			<Target title="CSV-lib/fast">
				<Option output="C:/Users/asafa/Desktop/anter/projects/build-CS231n-Desktop_Qt_5_14_1_MinGW_64_bit-Debug/CSV/lib/libCSV-lib.a" prefix_auto="0" extension_auto="0"/>
				<Option working_dir="C:/Users/asafa/Desktop/anter/projects/build-CS231n-Desktop_Qt_5_14_1_MinGW_64_bit-Debug/CSV/lib"/>
				<Option object_output="./"/>
				<Option type="2"/>
				<Option compiler="gcc"/>
				<Compiler>
					<Add directory="C:/Users/asafa/Desktop/anter/projects/CS231n/CSV/lib"/>
					<Add directory="C:/Qt/Tools/mingw730_64/bin/../lib/gcc/x86_64-w64-mingw32/7.3.0/include/c++"/>
					<Add directory="C:/Qt/Tools/mingw730_64/bin/../lib/gcc/x86_64-w64-mingw32/7.3.0/include/c++/x86_64-w64-mingw32"/>
					<Add directory="C:/Qt/Tools/mingw730_64/bin/../lib/gcc/x86_64-w64-mingw32/7.3.0/include/c++/backward"/>
					<Add directory="C:/Qt/Tools/mingw730_64/bin/../lib/gcc/x86_64-w64-mingw32/7.3.0/include"/>
					<Add directory="C:/Qt/Tools/mingw730_64/bin/../lib/gcc/x86_64-w64-mingw32/7.3.0/include-fixed"/>
					<Add directory="C:/Qt/Tools/mingw730_64/bin/../lib/gcc/x86_64-w64-mingw32/7.3.0/../../../../x86_64-w64-mingw32/include"/>
				</Compiler>
				<MakeCommands>
					<Build command="C:/Qt/Tools/mingw730_64/bin/mingw32-make.exe -f &quot;C:/Users/asafa/Desktop/anter/projects/build-CS231n-Desktop_Qt_5_14_1_MinGW_64_bit-Debug/CSV/lib/Makefile&quot;  VERBOSE=1 CSV-lib/fast"/>
					<CompileFile command="C:/Qt/Tools/mingw730_64/bin/mingw32-make.exe -f &quot;C:/Users/asafa/Desktop/anter/projects/build-CS231n-Desktop_Qt_5_14_1_MinGW_64_bit-Debug/CSV/lib/Makefile&quot;  VERBOSE=1 &quot;$file&quot;"/>
					<Clean command="C:/Qt/Tools/mingw730_64/bin/mingw32-make.exe -f &quot;C:/Users/asafa/Desktop/anter/projects/build-CS231n-Desktop_Qt_5_14_1_MinGW_64_bit-Debug/CSV/lib/Makefile&quot;  VERBOSE=1 clean"/>
					<DistClean command="C:/Qt/Tools/mingw730_64/bin/mingw32-make.exe -f &quot;C:/Users/asafa/Desktop/anter/projects/build-CS231n-Desktop_Qt_5_14_1_MinGW_64_bit-Debug/CSV/lib/Makefile&quot;  VERBOSE=1 clean"/>
				</MakeCommands>
			</Target>
			<Target title="CSV-test">
				<Option output="C:/Users/asafa/Desktop/anter/projects/build-CS231n-Desktop_Qt_5_14_1_MinGW_64_bit-Debug/CSV/test/CSV-test.exe" prefix_auto="0" extension_auto="0"/>
				<Option working_dir="C:/Users/asafa/Desktop/anter/projects/build-CS231n-Desktop_Qt_5_14_1_MinGW_64_bit-Debug/CSV/test"/>
				<Option object_output="./"/>
				<Option type="1"/>
				<Option compiler="gcc"/>
				<Compiler>
					<Add directory="C:/Users/asafa/Desktop/anter/projects/CS231n/CSV/lib"/>
					<Add directory="C:/Qt/Tools/mingw730_64/bin/../lib/gcc/x86_64-w64-mingw32/7.3.0/include/c++"/>
					<Add directory="C:/Qt/Tools/mingw730_64/bin/../lib/gcc/x86_64-w64-mingw32/7.3.0/include/c++/x86_64-w64-mingw32"/>
					<Add directory="C:/Qt/Tools/mingw730_64/bin/../lib/gcc/x86_64-w64-mingw32/7.3.0/include/c++/backward"/>
					<Add directory="C:/Qt/Tools/mingw730_64/bin/../lib/gcc/x86_64-w64-mingw32/7.3.0/include"/>
					<Add directory="C:/Qt/Tools/mingw730_64/bin/../lib/gcc/x86_64-w64-mingw32/7.3.0/include-fixed"/>
					<Add directory="C:/Qt/Tools/mingw730_64/bin/../lib/gcc/x86_64-w64-mingw32/7.3.0/../../../../x86_64-w64-mingw32/include"/>
				</Compiler>
				<MakeCommands>
					<Build command="C:/Qt/Tools/mingw730_64/bin/mingw32-make.exe -f &quot;C:/Users/asafa/Desktop/anter/projects/build-CS231n-Desktop_Qt_5_14_1_MinGW_64_bit-Debug/CSV/test/Makefile&quot;  VERBOSE=1 CSV-test"/>
					<CompileFile command="C:/Qt/Tools/mingw730_64/bin/mingw32-make.exe -f &quot;C:/Users/asafa/Desktop/anter/projects/build-CS231n-Desktop_Qt_5_14_1_MinGW_64_bit-Debug/CSV/test/Makefile&quot;  VERBOSE=1 &quot;$file&quot;"/>
					<Clean command="C:/Qt/Tools/mingw730_64/bin/mingw32-make.exe -f &quot;C:/Users/asafa/Desktop/anter/projects/build-CS231n-Desktop_Qt_5_14_1_MinGW_64_bit-Debug/CSV/test/Makefile&quot;  VERBOSE=1 clean"/>
					<DistClean command="C:/Qt/Tools/mingw730_64/bin/mingw32-make.exe -f &quot;C:/Users/asafa/Desktop/anter/projects/build-CS231n-Desktop_Qt_5_14_1_MinGW_64_bit-Debug/CSV/test/Makefile&quot;  VERBOSE=1 clean"/>
				</MakeCommands>
			</Target>
			<Target title="CSV-test/fast">
				<Option output="C:/Users/asafa/Desktop/anter/projects/build-CS231n-Desktop_Qt_5_14_1_MinGW_64_bit-Debug/CSV/test/CSV-test.exe" prefix_auto="0" extension_auto="0"/>
				<Option working_dir="C:/Users/asafa/Desktop/anter/projects/build-CS231n-Desktop_Qt_5_14_1_MinGW_64_bit-Debug/CSV/test"/>
				<Option object_output="./"/>
				<Option type="1"/>
				<Option compiler="gcc"/>
				<Compiler>
					<Add directory="C:/Users/asafa/Desktop/anter/projects/CS231n/CSV/lib"/>
					<Add directory="C:/Qt/Tools/mingw730_64/bin/../lib/gcc/x86_64-w64-mingw32/7.3.0/include/c++"/>
					<Add directory="C:/Qt/Tools/mingw730_64/bin/../lib/gcc/x86_64-w64-mingw32/7.3.0/include/c++/x86_64-w64-mingw32"/>
					<Add directory="C:/Qt/Tools/mingw730_64/bin/../lib/gcc/x86_64-w64-mingw32/7.3.0/include/c++/backward"/>
					<Add directory="C:/Qt/Tools/mingw730_64/bin/../lib/gcc/x86_64-w64-mingw32/7.3.0/include"/>
					<Add directory="C:/Qt/Tools/mingw730_64/bin/../lib/gcc/x86_64-w64-mingw32/7.3.0/include-fixed"/>
					<Add directory="C:/Qt/Tools/mingw730_64/bin/../lib/gcc/x86_64-w64-mingw32/7.3.0/../../../../x86_64-w64-mingw32/include"/>
				</Compiler>
				<MakeCommands>
					<Build command="C:/Qt/Tools/mingw730_64/bin/mingw32-make.exe -f &quot;C:/Users/asafa/Desktop/anter/projects/build-CS231n-Desktop_Qt_5_14_1_MinGW_64_bit-Debug/CSV/test/Makefile&quot;  VERBOSE=1 CSV-test/fast"/>
					<CompileFile command="C:/Qt/Tools/mingw730_64/bin/mingw32-make.exe -f &quot;C:/Users/asafa/Desktop/anter/projects/build-CS231n-Desktop_Qt_5_14_1_MinGW_64_bit-Debug/CSV/test/Makefile&quot;  VERBOSE=1 &quot;$file&quot;"/>
					<Clean command="C:/Qt/Tools/mingw730_64/bin/mingw32-make.exe -f &quot;C:/Users/asafa/Desktop/anter/projects/build-CS231n-Desktop_Qt_5_14_1_MinGW_64_bit-Debug/CSV/test/Makefile&quot;  VERBOSE=1 clean"/>
					<DistClean command="C:/Qt/Tools/mingw730_64/bin/mingw32-make.exe -f &quot;C:/Users/asafa/Desktop/anter/projects/build-CS231n-Desktop_Qt_5_14_1_MinGW_64_bit-Debug/CSV/test/Makefile&quot;  VERBOSE=1 clean"/>
				</MakeCommands>
			</Target>
			<Target title="Image-lib">
				<Option output="C:/Users/asafa/Desktop/anter/projects/build-CS231n-Desktop_Qt_5_14_1_MinGW_64_bit-Debug/Image/lib/libImage-lib.a" prefix_auto="0" extension_auto="0"/>
				<Option working_dir="C:/Users/asafa/Desktop/anter/projects/build-CS231n-Desktop_Qt_5_14_1_MinGW_64_bit-Debug/Image/lib"/>
				<Option object_output="./"/>
				<Option type="2"/>
				<Option compiler="gcc"/>
				<Compiler>
					<Add directory="C:/Users/asafa/Desktop/anter/projects/CS231n/Image/lib"/>
					<Add directory="C:/Users/asafa/Desktop/OpenCv/build_minGw/install/include"/>
					<Add directory="C:/Qt/Tools/mingw730_64/bin/../lib/gcc/x86_64-w64-mingw32/7.3.0/include/c++"/>
					<Add directory="C:/Qt/Tools/mingw730_64/bin/../lib/gcc/x86_64-w64-mingw32/7.3.0/include/c++/x86_64-w64-mingw32"/>
					<Add directory="C:/Qt/Tools/mingw730_64/bin/../lib/gcc/x86_64-w64-mingw32/7.3.0/include/c++/backward"/>
					<Add directory="C:/Qt/Tools/mingw730_64/bin/../lib/gcc/x86_64-w64-mingw32/7.3.0/include"/>
					<Add directory="C:/Qt/Tools/mingw730_64/bin/../lib/gcc/x86_64-w64-mingw32/7.3.0/include-fixed"/>
					<Add directory="C:/Qt/Tools/mingw730_64/bin/../lib/gcc/x86_64-w64-mingw32/7.3.0/../../../../x86_64-w64-mingw32/include"/>
				</Compiler>
				<MakeCommands>
					<Build command="C:/Qt/Tools/mingw730_64/bin/mingw32-make.exe -f &quot;C:/Users/asafa/Desktop/anter/projects/build-CS231n-Desktop_Qt_5_14_1_MinGW_64_bit-Debug/Image/lib/Makefile&quot;  VERBOSE=1 Image-lib"/>
					<CompileFile command="C:/Qt/Tools/mingw730_64/bin/mingw32-make.exe -f &quot;C:/Users/asafa/Desktop/anter/projects/build-CS231n-Desktop_Qt_5_14_1_MinGW_64_bit-Debug/Image/lib/Makefile&quot;  VERBOSE=1 &quot;$file&quot;"/>
					<Clean command="C:/Qt/Tools/mingw730_64/bin/mingw32-make.exe -f &quot;C:/Users/asafa/Desktop/anter/projects/build-CS231n-Desktop_Qt_5_14_1_MinGW_64_bit-Debug/Image/lib/Makefile&quot;  VERBOSE=1 clean"/>
					<DistClean command="C:/Qt/Tools/mingw730_64/bin/mingw32-make.exe -f &quot;C:/Users/asafa/Desktop/anter/projects/build-CS231n-Desktop_Qt_5_14_1_MinGW_64_bit-Debug/Image/lib/Makefile&quot;  VERBOSE=1 clean"/>
				</MakeCommands>
			</Target>
			<Target title="Image-lib/fast">
				<Option output="C:/Users/asafa/Desktop/anter/projects/build-CS231n-Desktop_Qt_5_14_1_MinGW_64_bit-Debug/Image/lib/libImage-lib.a" prefix_auto="0" extension_auto="0"/>
				<Option working_dir="C:/Users/asafa/Desktop/anter/projects/build-CS231n-Desktop_Qt_5_14_1_MinGW_64_bit-Debug/Image/lib"/>
				<Option object_output="./"/>
				<Option type="2"/>
				<Option compiler="gcc"/>
				<Compiler>
					<Add directory="C:/Users/asafa/Desktop/anter/projects/CS231n/Image/lib"/>
					<Add directory="C:/Users/asafa/Desktop/OpenCv/build_minGw/install/include"/>
					<Add directory="C:/Qt/Tools/mingw730_64/bin/../lib/gcc/x86_64-w64-mingw32/7.3.0/include/c++"/>
					<Add directory="C:/Qt/Tools/mingw730_64/bin/../lib/gcc/x86_64-w64-mingw32/7.3.0/include/c++/x86_64-w64-mingw32"/>
					<Add directory="C:/Qt/Tools/mingw730_64/bin/../lib/gcc/x86_64-w64-mingw32/7.3.0/include/c++/backward"/>
					<Add directory="C:/Qt/Tools/mingw730_64/bin/../lib/gcc/x86_64-w64-mingw32/7.3.0/include"/>
					<Add directory="C:/Qt/Tools/mingw730_64/bin/../lib/gcc/x86_64-w64-mingw32/7.3.0/include-fixed"/>
					<Add directory="C:/Qt/Tools/mingw730_64/bin/../lib/gcc/x86_64-w64-mingw32/7.3.0/../../../../x86_64-w64-mingw32/include"/>
				</Compiler>
				<MakeCommands>
					<Build command="C:/Qt/Tools/mingw730_64/bin/mingw32-make.exe -f &quot;C:/Users/asafa/Desktop/anter/projects/build-CS231n-Desktop_Qt_5_14_1_MinGW_64_bit-Debug/Image/lib/Makefile&quot;  VERBOSE=1 Image-lib/fast"/>
					<CompileFile command="C:/Qt/Tools/mingw730_64/bin/mingw32-make.exe -f &quot;C:/Users/asafa/Desktop/anter/projects/build-CS231n-Desktop_Qt_5_14_1_MinGW_64_bit-Debug/Image/lib/Makefile&quot;  VERBOSE=1 &quot;$file&quot;"/>
					<Clean command="C:/Qt/Tools/mingw730_64/bin/mingw32-make.exe -f &quot;C:/Users/asafa/Desktop/anter/projects/build-CS231n-Desktop_Qt_5_14_1_MinGW_64_bit-Debug/Image/lib/Makefile&quot;  VERBOSE=1 clean"/>
					<DistClean command="C:/Qt/Tools/mingw730_64/bin/mingw32-make.exe -f &quot;C:/Users/asafa/Desktop/anter/projects/build-CS231n-Desktop_Qt_5_14_1_MinGW_64_bit-Debug/Image/lib/Makefile&quot;  VERBOSE=1 clean"/>
				</MakeCommands>
			</Target>
			<Target title="Image-test">
				<Option output="C:/Users/asafa/Desktop/anter/projects/build-CS231n-Desktop_Qt_5_14_1_MinGW_64_bit-Debug/Image/test/Image-test.exe" prefix_auto="0" extension_auto="0"/>
				<Option working_dir="C:/Users/asafa/Desktop/anter/projects/build-CS231n-Desktop_Qt_5_14_1_MinGW_64_bit-Debug/Image/test"/>
				<Option object_output="./"/>
				<Option type="1"/>
				<Option compiler="gcc"/>
				<Compiler>
					<Add directory="C:/Users/asafa/Desktop/anter/projects/CS231n/Image/lib"/>
					<Add directory="C:/Users/asafa/Desktop/OpenCv/build_minGw/install/include"/>
					<Add directory="C:/Qt/Tools/mingw730_64/bin/../lib/gcc/x86_64-w64-mingw32/7.3.0/include/c++"/>
					<Add directory="C:/Qt/Tools/mingw730_64/bin/../lib/gcc/x86_64-w64-mingw32/7.3.0/include/c++/x86_64-w64-mingw32"/>
					<Add directory="C:/Qt/Tools/mingw730_64/bin/../lib/gcc/x86_64-w64-mingw32/7.3.0/include/c++/backward"/>
					<Add directory="C:/Qt/Tools/mingw730_64/bin/../lib/gcc/x86_64-w64-mingw32/7.3.0/include"/>
					<Add directory="C:/Qt/Tools/mingw730_64/bin/../lib/gcc/x86_64-w64-mingw32/7.3.0/include-fixed"/>
					<Add directory="C:/Qt/Tools/mingw730_64/bin/../lib/gcc/x86_64-w64-mingw32/7.3.0/../../../../x86_64-w64-mingw32/include"/>
				</Compiler>
				<MakeCommands>
					<Build command="C:/Qt/Tools/mingw730_64/bin/mingw32-make.exe -f &quot;C:/Users/asafa/Desktop/anter/projects/build-CS231n-Desktop_Qt_5_14_1_MinGW_64_bit-Debug/Image/test/Makefile&quot;  VERBOSE=1 Image-test"/>
					<CompileFile command="C:/Qt/Tools/mingw730_64/bin/mingw32-make.exe -f &quot;C:/Users/asafa/Desktop/anter/projects/build-CS231n-Desktop_Qt_5_14_1_MinGW_64_bit-Debug/Image/test/Makefile&quot;  VERBOSE=1 &quot;$file&quot;"/>
					<Clean command="C:/Qt/Tools/mingw730_64/bin/mingw32-make.exe -f &quot;C:/Users/asafa/Desktop/anter/projects/build-CS231n-Desktop_Qt_5_14_1_MinGW_64_bit-Debug/Image/test/Makefile&quot;  VERBOSE=1 clean"/>
					<DistClean command="C:/Qt/Tools/mingw730_64/bin/mingw32-make.exe -f &quot;C:/Users/asafa/Desktop/anter/projects/build-CS231n-Desktop_Qt_5_14_1_MinGW_64_bit-Debug/Image/test/Makefile&quot;  VERBOSE=1 clean"/>
				</MakeCommands>
			</Target>
			<Target title="Image-test/fast">
				<Option output="C:/Users/asafa/Desktop/anter/projects/build-CS231n-Desktop_Qt_5_14_1_MinGW_64_bit-Debug/Image/test/Image-test.exe" prefix_auto="0" extension_auto="0"/>
				<Option working_dir="C:/Users/asafa/Desktop/anter/projects/build-CS231n-Desktop_Qt_5_14_1_MinGW_64_bit-Debug/Image/test"/>
				<Option object_output="./"/>
				<Option type="1"/>
				<Option compiler="gcc"/>
				<Compiler>
					<Add directory="C:/Users/asafa/Desktop/anter/projects/CS231n/Image/lib"/>
					<Add directory="C:/Users/asafa/Desktop/OpenCv/build_minGw/install/include"/>
					<Add directory="C:/Qt/Tools/mingw730_64/bin/../lib/gcc/x86_64-w64-mingw32/7.3.0/include/c++"/>
					<Add directory="C:/Qt/Tools/mingw730_64/bin/../lib/gcc/x86_64-w64-mingw32/7.3.0/include/c++/x86_64-w64-mingw32"/>
					<Add directory="C:/Qt/Tools/mingw730_64/bin/../lib/gcc/x86_64-w64-mingw32/7.3.0/include/c++/backward"/>
					<Add directory="C:/Qt/Tools/mingw730_64/bin/../lib/gcc/x86_64-w64-mingw32/7.3.0/include"/>
					<Add directory="C:/Qt/Tools/mingw730_64/bin/../lib/gcc/x86_64-w64-mingw32/7.3.0/include-fixed"/>
					<Add directory="C:/Qt/Tools/mingw730_64/bin/../lib/gcc/x86_64-w64-mingw32/7.3.0/../../../../x86_64-w64-mingw32/include"/>
				</Compiler>
				<MakeCommands>
					<Build command="C:/Qt/Tools/mingw730_64/bin/mingw32-make.exe -f &quot;C:/Users/asafa/Desktop/anter/projects/build-CS231n-Desktop_Qt_5_14_1_MinGW_64_bit-Debug/Image/test/Makefile&quot;  VERBOSE=1 Image-test/fast"/>
					<CompileFile command="C:/Qt/Tools/mingw730_64/bin/mingw32-make.exe -f &quot;C:/Users/asafa/Desktop/anter/projects/build-CS231n-Desktop_Qt_5_14_1_MinGW_64_bit-Debug/Image/test/Makefile&quot;  VERBOSE=1 &quot;$file&quot;"/>
					<Clean command="C:/Qt/Tools/mingw730_64/bin/mingw32-make.exe -f &quot;C:/Users/asafa/Desktop/anter/projects/build-CS231n-Desktop_Qt_5_14_1_MinGW_64_bit-Debug/Image/test/Makefile&quot;  VERBOSE=1 clean"/>
					<DistClean command="C:/Qt/Tools/mingw730_64/bin/mingw32-make.exe -f &quot;C:/Users/asafa/Desktop/anter/projects/build-CS231n-Desktop_Qt_5_14_1_MinGW_64_bit-Debug/Image/test/Makefile&quot;  VERBOSE=1 clean"/>
				</MakeCommands>
			</Target>
			<Target title="ImageIterator-lib">
				<Option output="C:/Users/asafa/Desktop/anter/projects/build-CS231n-Desktop_Qt_5_14_1_MinGW_64_bit-Debug/ImageIterator/lib/libImageIterator-lib.a" prefix_auto="0" extension_auto="0"/>
				<Option working_dir="C:/Users/asafa/Desktop/anter/projects/build-CS231n-Desktop_Qt_5_14_1_MinGW_64_bit-Debug/ImageIterator/lib"/>
				<Option object_output="./"/>
				<Option type="2"/>
				<Option compiler="gcc"/>
				<Compiler>
					<Add directory="C:/Users/asafa/Desktop/anter/projects/CS231n/ImageIterator/lib"/>
					<Add directory="C:/Users/asafa/Desktop/anter/projects/CS231n/Image/lib"/>
					<Add directory="C:/Users/asafa/Desktop/OpenCv/build_minGw/install/include"/>
					<Add directory="C:/Qt/Tools/mingw730_64/bin/../lib/gcc/x86_64-w64-mingw32/7.3.0/include/c++"/>
					<Add directory="C:/Qt/Tools/mingw730_64/bin/../lib/gcc/x86_64-w64-mingw32/7.3.0/include/c++/x86_64-w64-mingw32"/>
					<Add directory="C:/Qt/Tools/mingw730_64/bin/../lib/gcc/x86_64-w64-mingw32/7.3.0/include/c++/backward"/>
					<Add directory="C:/Qt/Tools/mingw730_64/bin/../lib/gcc/x86_64-w64-mingw32/7.3.0/include"/>
					<Add directory="C:/Qt/Tools/mingw730_64/bin/../lib/gcc/x86_64-w64-mingw32/7.3.0/include-fixed"/>
					<Add directory="C:/Qt/Tools/mingw730_64/bin/../lib/gcc/x86_64-w64-mingw32/7.3.0/../../../../x86_64-w64-mingw32/include"/>
				</Compiler>
				<MakeCommands>
					<Build command="C:/Qt/Tools/mingw730_64/bin/mingw32-make.exe -f &quot;C:/Users/asafa/Desktop/anter/projects/build-CS231n-Desktop_Qt_5_14_1_MinGW_64_bit-Debug/ImageIterator/lib/Makefile&quot;  VERBOSE=1 ImageIterator-lib"/>
					<CompileFile command="C:/Qt/Tools/mingw730_64/bin/mingw32-make.exe -f &quot;C:/Users/asafa/Desktop/anter/projects/build-CS231n-Desktop_Qt_5_14_1_MinGW_64_bit-Debug/ImageIterator/lib/Makefile&quot;  VERBOSE=1 &quot;$file&quot;"/>
					<Clean command="C:/Qt/Tools/mingw730_64/bin/mingw32-make.exe -f &quot;C:/Users/asafa/Desktop/anter/projects/build-CS231n-Desktop_Qt_5_14_1_MinGW_64_bit-Debug/ImageIterator/lib/Makefile&quot;  VERBOSE=1 clean"/>
					<DistClean command="C:/Qt/Tools/mingw730_64/bin/mingw32-make.exe -f &quot;C:/Users/asafa/Desktop/anter/projects/build-CS231n-Desktop_Qt_5_14_1_MinGW_64_bit-Debug/ImageIterator/lib/Makefile&quot;  VERBOSE=1 clean"/>
				</MakeCommands>
			</Target>
			<Target title="ImageIterator-lib/fast">
				<Option output="C:/Users/asafa/Desktop/anter/projects/build-CS231n-Desktop_Qt_5_14_1_MinGW_64_bit-Debug/ImageIterator/lib/libImageIterator-lib.a" prefix_auto="0" extension_auto="0"/>
				<Option working_dir="C:/Users/asafa/Desktop/anter/projects/build-CS231n-Desktop_Qt_5_14_1_MinGW_64_bit-Debug/ImageIterator/lib"/>
				<Option object_output="./"/>
				<Option type="2"/>
				<Option compiler="gcc"/>
				<Compiler>
					<Add directory="C:/Users/asafa/Desktop/anter/projects/CS231n/ImageIterator/lib"/>
					<Add directory="C:/Users/asafa/Desktop/anter/projects/CS231n/Image/lib"/>
					<Add directory="C:/Users/asafa/Desktop/OpenCv/build_minGw/install/include"/>
					<Add directory="C:/Qt/Tools/mingw730_64/bin/../lib/gcc/x86_64-w64-mingw32/7.3.0/include/c++"/>
					<Add directory="C:/Qt/Tools/mingw730_64/bin/../lib/gcc/x86_64-w64-mingw32/7.3.0/include/c++/x86_64-w64-mingw32"/>
					<Add directory="C:/Qt/Tools/mingw730_64/bin/../lib/gcc/x86_64-w64-mingw32/7.3.0/include/c++/backward"/>
					<Add directory="C:/Qt/Tools/mingw730_64/bin/../lib/gcc/x86_64-w64-mingw32/7.3.0/include"/>
					<Add directory="C:/Qt/Tools/mingw730_64/bin/../lib/gcc/x86_64-w64-mingw32/7.3.0/include-fixed"/>
					<Add directory="C:/Qt/Tools/mingw730_64/bin/../lib/gcc/x86_64-w64-mingw32/7.3.0/../../../../x86_64-w64-mingw32/include"/>
				</Compiler>
				<MakeCommands>
					<Build command="C:/Qt/Tools/mingw730_64/bin/mingw32-make.exe -f &quot;C:/Users/asafa/Desktop/anter/projects/build-CS231n-Desktop_Qt_5_14_1_MinGW_64_bit-Debug/ImageIterator/lib/Makefile&quot;  VERBOSE=1 ImageIterator-lib/fast"/>
					<CompileFile command="C:/Qt/Tools/mingw730_64/bin/mingw32-make.exe -f &quot;C:/Users/asafa/Desktop/anter/projects/build-CS231n-Desktop_Qt_5_14_1_MinGW_64_bit-Debug/ImageIterator/lib/Makefile&quot;  VERBOSE=1 &quot;$file&quot;"/>
					<Clean command="C:/Qt/Tools/mingw730_64/bin/mingw32-make.exe -f &quot;C:/Users/asafa/Desktop/anter/projects/build-CS231n-Desktop_Qt_5_14_1_MinGW_64_bit-Debug/ImageIterator/lib/Makefile&quot;  VERBOSE=1 clean"/>
					<DistClean command="C:/Qt/Tools/mingw730_64/bin/mingw32-make.exe -f &quot;C:/Users/asafa/Desktop/anter/projects/build-CS231n-Desktop_Qt_5_14_1_MinGW_64_bit-Debug/ImageIterator/lib/Makefile&quot;  VERBOSE=1 clean"/>
				</MakeCommands>
			</Target>
			<Target title="ImageIterator-test">
				<Option output="C:/Users/asafa/Desktop/anter/projects/build-CS231n-Desktop_Qt_5_14_1_MinGW_64_bit-Debug/ImageIterator/test/ImageIterator-test.exe" prefix_auto="0" extension_auto="0"/>
				<Option working_dir="C:/Users/asafa/Desktop/anter/projects/build-CS231n-Desktop_Qt_5_14_1_MinGW_64_bit-Debug/ImageIterator/test"/>
				<Option object_output="./"/>
				<Option type="1"/>
				<Option compiler="gcc"/>
				<Compiler>
					<Add directory="C:/Users/asafa/Desktop/anter/projects/CS231n/ImageIterator/lib"/>
					<Add directory="C:/Users/asafa/Desktop/anter/projects/CS231n/Image/lib"/>
					<Add directory="C:/Users/asafa/Desktop/OpenCv/build_minGw/install/include"/>
					<Add directory="C:/Qt/Tools/mingw730_64/bin/../lib/gcc/x86_64-w64-mingw32/7.3.0/include/c++"/>
					<Add directory="C:/Qt/Tools/mingw730_64/bin/../lib/gcc/x86_64-w64-mingw32/7.3.0/include/c++/x86_64-w64-mingw32"/>
					<Add directory="C:/Qt/Tools/mingw730_64/bin/../lib/gcc/x86_64-w64-mingw32/7.3.0/include/c++/backward"/>
					<Add directory="C:/Qt/Tools/mingw730_64/bin/../lib/gcc/x86_64-w64-mingw32/7.3.0/include"/>
					<Add directory="C:/Qt/Tools/mingw730_64/bin/../lib/gcc/x86_64-w64-mingw32/7.3.0/include-fixed"/>
					<Add directory="C:/Qt/Tools/mingw730_64/bin/../lib/gcc/x86_64-w64-mingw32/7.3.0/../../../../x86_64-w64-mingw32/include"/>
				</Compiler>
				<MakeCommands>
					<Build command="C:/Qt/Tools/mingw730_64/bin/mingw32-make.exe -f &quot;C:/Users/asafa/Desktop/anter/projects/build-CS231n-Desktop_Qt_5_14_1_MinGW_64_bit-Debug/ImageIterator/test/Makefile&quot;  VERBOSE=1 ImageIterator-test"/>
					<CompileFile command="C:/Qt/Tools/mingw730_64/bin/mingw32-make.exe -f &quot;C:/Users/asafa/Desktop/anter/projects/build-CS231n-Desktop_Qt_5_14_1_MinGW_64_bit-Debug/ImageIterator/test/Makefile&quot;  VERBOSE=1 &quot;$file&quot;"/>
					<Clean command="C:/Qt/Tools/mingw730_64/bin/mingw32-make.exe -f &quot;C:/Users/asafa/Desktop/anter/projects/build-CS231n-Desktop_Qt_5_14_1_MinGW_64_bit-Debug/ImageIterator/test/Makefile&quot;  VERBOSE=1 clean"/>
					<DistClean command="C:/Qt/Tools/mingw730_64/bin/mingw32-make.exe -f &quot;C:/Users/asafa/Desktop/anter/projects/build-CS231n-Desktop_Qt_5_14_1_MinGW_64_bit-Debug/ImageIterator/test/Makefile&quot;  VERBOSE=1 clean"/>
				</MakeCommands>
			</Target>
			<Target title="ImageIterator-test/fast">
				<Option output="C:/Users/asafa/Desktop/anter/projects/build-CS231n-Desktop_Qt_5_14_1_MinGW_64_bit-Debug/ImageIterator/test/ImageIterator-test.exe" prefix_auto="0" extension_auto="0"/>
				<Option working_dir="C:/Users/asafa/Desktop/anter/projects/build-CS231n-Desktop_Qt_5_14_1_MinGW_64_bit-Debug/ImageIterator/test"/>
				<Option object_output="./"/>
				<Option type="1"/>
				<Option compiler="gcc"/>
				<Compiler>
					<Add directory="C:/Users/asafa/Desktop/anter/projects/CS231n/ImageIterator/lib"/>
					<Add directory="C:/Users/asafa/Desktop/anter/projects/CS231n/Image/lib"/>
					<Add directory="C:/Users/asafa/Desktop/OpenCv/build_minGw/install/include"/>
					<Add directory="C:/Qt/Tools/mingw730_64/bin/../lib/gcc/x86_64-w64-mingw32/7.3.0/include/c++"/>
					<Add directory="C:/Qt/Tools/mingw730_64/bin/../lib/gcc/x86_64-w64-mingw32/7.3.0/include/c++/x86_64-w64-mingw32"/>
					<Add directory="C:/Qt/Tools/mingw730_64/bin/../lib/gcc/x86_64-w64-mingw32/7.3.0/include/c++/backward"/>
					<Add directory="C:/Qt/Tools/mingw730_64/bin/../lib/gcc/x86_64-w64-mingw32/7.3.0/include"/>
					<Add directory="C:/Qt/Tools/mingw730_64/bin/../lib/gcc/x86_64-w64-mingw32/7.3.0/include-fixed"/>
					<Add directory="C:/Qt/Tools/mingw730_64/bin/../lib/gcc/x86_64-w64-mingw32/7.3.0/../../../../x86_64-w64-mingw32/include"/>
				</Compiler>
				<MakeCommands>
					<Build command="C:/Qt/Tools/mingw730_64/bin/mingw32-make.exe -f &quot;C:/Users/asafa/Desktop/anter/projects/build-CS231n-Desktop_Qt_5_14_1_MinGW_64_bit-Debug/ImageIterator/test/Makefile&quot;  VERBOSE=1 ImageIterator-test/fast"/>
					<CompileFile command="C:/Qt/Tools/mingw730_64/bin/mingw32-make.exe -f &quot;C:/Users/asafa/Desktop/anter/projects/build-CS231n-Desktop_Qt_5_14_1_MinGW_64_bit-Debug/ImageIterator/test/Makefile&quot;  VERBOSE=1 &quot;$file&quot;"/>
					<Clean command="C:/Qt/Tools/mingw730_64/bin/mingw32-make.exe -f &quot;C:/Users/asafa/Desktop/anter/projects/build-CS231n-Desktop_Qt_5_14_1_MinGW_64_bit-Debug/ImageIterator/test/Makefile&quot;  VERBOSE=1 clean"/>
					<DistClean command="C:/Qt/Tools/mingw730_64/bin/mingw32-make.exe -f &quot;C:/Users/asafa/Desktop/anter/projects/build-CS231n-Desktop_Qt_5_14_1_MinGW_64_bit-Debug/ImageIterator/test/Makefile&quot;  VERBOSE=1 clean"/>
				</MakeCommands>
			</Target>
			<Target title="Classifier-lib">
				<Option output="C:/Users/asafa/Desktop/anter/projects/build-CS231n-Desktop_Qt_5_14_1_MinGW_64_bit-Debug/Classifier/lib/libClassifier-lib.a" prefix_auto="0" extension_auto="0"/>
				<Option working_dir="C:/Users/asafa/Desktop/anter/projects/build-CS231n-Desktop_Qt_5_14_1_MinGW_64_bit-Debug/Classifier/lib"/>
				<Option object_output="./"/>
				<Option type="2"/>
				<Option compiler="gcc"/>
				<Compiler>
					<Add directory="C:/Users/asafa/Desktop/anter/projects/CS231n/Classifier/lib"/>
					<Add directory="C:/Users/asafa/Desktop/anter/projects/CS231n/Image/lib"/>
					<Add directory="C:/Users/asafa/Desktop/OpenCv/build_minGw/install/include"/>
					<Add directory="C:/Qt/Tools/mingw730_64/bin/../lib/gcc/x86_64-w64-mingw32/7.3.0/include/c++"/>
					<Add directory="C:/Qt/Tools/mingw730_64/bin/../lib/gcc/x86_64-w64-mingw32/7.3.0/include/c++/x86_64-w64-mingw32"/>
					<Add directory="C:/Qt/Tools/mingw730_64/bin/../lib/gcc/x86_64-w64-mingw32/7.3.0/include/c++/backward"/>
					<Add directory="C:/Qt/Tools/mingw730_64/bin/../lib/gcc/x86_64-w64-mingw32/7.3.0/include"/>
					<Add directory="C:/Qt/Tools/mingw730_64/bin/../lib/gcc/x86_64-w64-mingw32/7.3.0/include-fixed"/>
					<Add directory="C:/Qt/Tools/mingw730_64/bin/../lib/gcc/x86_64-w64-mingw32/7.3.0/../../../../x86_64-w64-mingw32/include"/>
				</Compiler>
				<MakeCommands>
					<Build command="C:/Qt/Tools/mingw730_64/bin/mingw32-make.exe -f &quot;C:/Users/asafa/Desktop/anter/projects/build-CS231n-Desktop_Qt_5_14_1_MinGW_64_bit-Debug/Classifier/lib/Makefile&quot;  VERBOSE=1 Classifier-lib"/>
					<CompileFile command="C:/Qt/Tools/mingw730_64/bin/mingw32-make.exe -f &quot;C:/Users/asafa/Desktop/anter/projects/build-CS231n-Desktop_Qt_5_14_1_MinGW_64_bit-Debug/Classifier/lib/Makefile&quot;  VERBOSE=1 &quot;$file&quot;"/>
					<Clean command="C:/Qt/Tools/mingw730_64/bin/mingw32-make.exe -f &quot;C:/Users/asafa/Desktop/anter/projects/build-CS231n-Desktop_Qt_5_14_1_MinGW_64_bit-Debug/Classifier/lib/Makefile&quot;  VERBOSE=1 clean"/>
					<DistClean command="C:/Qt/Tools/mingw730_64/bin/mingw32-make.exe -f &quot;C:/Users/asafa/Desktop/anter/projects/build-CS231n-Desktop_Qt_5_14_1_MinGW_64_bit-Debug/Classifier/lib/Makefile&quot;  VERBOSE=1 clean"/>
				</MakeCommands>
			</Target>
			<Target title="Classifier-lib/fast">
				<Option output="C:/Users/asafa/Desktop/anter/projects/build-CS231n-Desktop_Qt_5_14_1_MinGW_64_bit-Debug/Classifier/lib/libClassifier-lib.a" prefix_auto="0" extension_auto="0"/>
				<Option working_dir="C:/Users/asafa/Desktop/anter/projects/build-CS231n-Desktop_Qt_5_14_1_MinGW_64_bit-Debug/Classifier/lib"/>
				<Option object_output="./"/>
				<Option type="2"/>
				<Option compiler="gcc"/>
				<Compiler>
					<Add directory="C:/Users/asafa/Desktop/anter/projects/CS231n/Classifier/lib"/>
					<Add directory="C:/Users/asafa/Desktop/anter/projects/CS231n/Image/lib"/>
					<Add directory="C:/Users/asafa/Desktop/OpenCv/build_minGw/install/include"/>
					<Add directory="C:/Qt/Tools/mingw730_64/bin/../lib/gcc/x86_64-w64-mingw32/7.3.0/include/c++"/>
					<Add directory="C:/Qt/Tools/mingw730_64/bin/../lib/gcc/x86_64-w64-mingw32/7.3.0/include/c++/x86_64-w64-mingw32"/>
					<Add directory="C:/Qt/Tools/mingw730_64/bin/../lib/gcc/x86_64-w64-mingw32/7.3.0/include/c++/backward"/>
					<Add directory="C:/Qt/Tools/mingw730_64/bin/../lib/gcc/x86_64-w64-mingw32/7.3.0/include"/>
					<Add directory="C:/Qt/Tools/mingw730_64/bin/../lib/gcc/x86_64-w64-mingw32/7.3.0/include-fixed"/>
					<Add directory="C:/Qt/Tools/mingw730_64/bin/../lib/gcc/x86_64-w64-mingw32/7.3.0/../../../../x86_64-w64-mingw32/include"/>
				</Compiler>
				<MakeCommands>
					<Build command="C:/Qt/Tools/mingw730_64/bin/mingw32-make.exe -f &quot;C:/Users/asafa/Desktop/anter/projects/build-CS231n-Desktop_Qt_5_14_1_MinGW_64_bit-Debug/Classifier/lib/Makefile&quot;  VERBOSE=1 Classifier-lib/fast"/>
					<CompileFile command="C:/Qt/Tools/mingw730_64/bin/mingw32-make.exe -f &quot;C:/Users/asafa/Desktop/anter/projects/build-CS231n-Desktop_Qt_5_14_1_MinGW_64_bit-Debug/Classifier/lib/Makefile&quot;  VERBOSE=1 &quot;$file&quot;"/>
					<Clean command="C:/Qt/Tools/mingw730_64/bin/mingw32-make.exe -f &quot;C:/Users/asafa/Desktop/anter/projects/build-CS231n-Desktop_Qt_5_14_1_MinGW_64_bit-Debug/Classifier/lib/Makefile&quot;  VERBOSE=1 clean"/>
					<DistClean command="C:/Qt/Tools/mingw730_64/bin/mingw32-make.exe -f &quot;C:/Users/asafa/Desktop/anter/projects/build-CS231n-Desktop_Qt_5_14_1_MinGW_64_bit-Debug/Classifier/lib/Makefile&quot;  VERBOSE=1 clean"/>
				</MakeCommands>
			</Target>
			<Target title="Classifier-test">
				<Option output="C:/Users/asafa/Desktop/anter/projects/build-CS231n-Desktop_Qt_5_14_1_MinGW_64_bit-Debug/Classifier/test/Classifier-test.exe" prefix_auto="0" extension_auto="0"/>
				<Option working_dir="C:/Users/asafa/Desktop/anter/projects/build-CS231n-Desktop_Qt_5_14_1_MinGW_64_bit-Debug/Classifier/test"/>
				<Option object_output="./"/>
				<Option type="1"/>
				<Option compiler="gcc"/>
				<Compiler>
					<Add directory="C:/Users/asafa/Desktop/anter/projects/CS231n/Classifier/lib"/>
					<Add directory="C:/Users/asafa/Desktop/anter/projects/CS231n/Image/lib"/>
					<Add directory="C:/Users/asafa/Desktop/OpenCv/build_minGw/install/include"/>
					<Add directory="C:/Users/asafa/Desktop/anter/projects/CS231n/ImageIterator/lib"/>
					<Add directory="C:/Qt/Tools/mingw730_64/bin/../lib/gcc/x86_64-w64-mingw32/7.3.0/include/c++"/>
					<Add directory="C:/Qt/Tools/mingw730_64/bin/../lib/gcc/x86_64-w64-mingw32/7.3.0/include/c++/x86_64-w64-mingw32"/>
					<Add directory="C:/Qt/Tools/mingw730_64/bin/../lib/gcc/x86_64-w64-mingw32/7.3.0/include/c++/backward"/>
					<Add directory="C:/Qt/Tools/mingw730_64/bin/../lib/gcc/x86_64-w64-mingw32/7.3.0/include"/>
					<Add directory="C:/Qt/Tools/mingw730_64/bin/../lib/gcc/x86_64-w64-mingw32/7.3.0/include-fixed"/>
					<Add directory="C:/Qt/Tools/mingw730_64/bin/../lib/gcc/x86_64-w64-mingw32/7.3.0/../../../../x86_64-w64-mingw32/include"/>
				</Compiler>
				<MakeCommands>
					<Build command="C:/Qt/Tools/mingw730_64/bin/mingw32-make.exe -f &quot;C:/Users/asafa/Desktop/anter/projects/build-CS231n-Desktop_Qt_5_14_1_MinGW_64_bit-Debug/Classifier/test/Makefile&quot;  VERBOSE=1 Classifier-test"/>
					<CompileFile command="C:/Qt/Tools/mingw730_64/bin/mingw32-make.exe -f &quot;C:/Users/asafa/Desktop/anter/projects/build-CS231n-Desktop_Qt_5_14_1_MinGW_64_bit-Debug/Classifier/test/Makefile&quot;  VERBOSE=1 &quot;$file&quot;"/>
					<Clean command="C:/Qt/Tools/mingw730_64/bin/mingw32-make.exe -f &quot;C:/Users/asafa/Desktop/anter/projects/build-CS231n-Desktop_Qt_5_14_1_MinGW_64_bit-Debug/Classifier/test/Makefile&quot;  VERBOSE=1 clean"/>
					<DistClean command="C:/Qt/Tools/mingw730_64/bin/mingw32-make.exe -f &quot;C:/Users/asafa/Desktop/anter/projects/build-CS231n-Desktop_Qt_5_14_1_MinGW_64_bit-Debug/Classifier/test/Makefile&quot;  VERBOSE=1 clean"/>
				</MakeCommands>
			</Target>
			<Target title="Classifier-test/fast">
				<Option output="C:/Users/asafa/Desktop/anter/projects/build-CS231n-Desktop_Qt_5_14_1_MinGW_64_bit-Debug/Classifier/test/Classifier-test.exe" prefix_auto="0" extension_auto="0"/>
				<Option working_dir="C:/Users/asafa/Desktop/anter/projects/build-CS231n-Desktop_Qt_5_14_1_MinGW_64_bit-Debug/Classifier/test"/>
				<Option object_output="./"/>
				<Option type="1"/>
				<Option compiler="gcc"/>
				<Compiler>
					<Add directory="C:/Users/asafa/Desktop/anter/projects/CS231n/Classifier/lib"/>
					<Add directory="C:/Users/asafa/Desktop/anter/projects/CS231n/Image/lib"/>
					<Add directory="C:/Users/asafa/Desktop/OpenCv/build_minGw/install/include"/>
					<Add directory="C:/Users/asafa/Desktop/anter/projects/CS231n/ImageIterator/lib"/>
					<Add directory="C:/Qt/Tools/mingw730_64/bin/../lib/gcc/x86_64-w64-mingw32/7.3.0/include/c++"/>
					<Add directory="C:/Qt/Tools/mingw730_64/bin/../lib/gcc/x86_64-w64-mingw32/7.3.0/include/c++/x86_64-w64-mingw32"/>
					<Add directory="C:/Qt/Tools/mingw730_64/bin/../lib/gcc/x86_64-w64-mingw32/7.3.0/include/c++/backward"/>
					<Add directory="C:/Qt/Tools/mingw730_64/bin/../lib/gcc/x86_64-w64-mingw32/7.3.0/include"/>
					<Add directory="C:/Qt/Tools/mingw730_64/bin/../lib/gcc/x86_64-w64-mingw32/7.3.0/include-fixed"/>
					<Add directory="C:/Qt/Tools/mingw730_64/bin/../lib/gcc/x86_64-w64-mingw32/7.3.0/../../../../x86_64-w64-mingw32/include"/>
				</Compiler>
				<MakeCommands>
					<Build command="C:/Qt/Tools/mingw730_64/bin/mingw32-make.exe -f &quot;C:/Users/asafa/Desktop/anter/projects/build-CS231n-Desktop_Qt_5_14_1_MinGW_64_bit-Debug/Classifier/test/Makefile&quot;  VERBOSE=1 Classifier-test/fast"/>
					<CompileFile command="C:/Qt/Tools/mingw730_64/bin/mingw32-make.exe -f &quot;C:/Users/asafa/Desktop/anter/projects/build-CS231n-Desktop_Qt_5_14_1_MinGW_64_bit-Debug/Classifier/test/Makefile&quot;  VERBOSE=1 &quot;$file&quot;"/>
					<Clean command="C:/Qt/Tools/mingw730_64/bin/mingw32-make.exe -f &quot;C:/Users/asafa/Desktop/anter/projects/build-CS231n-Desktop_Qt_5_14_1_MinGW_64_bit-Debug/Classifier/test/Makefile&quot;  VERBOSE=1 clean"/>
					<DistClean command="C:/Qt/Tools/mingw730_64/bin/mingw32-make.exe -f &quot;C:/Users/asafa/Desktop/anter/projects/build-CS231n-Desktop_Qt_5_14_1_MinGW_64_bit-Debug/Classifier/test/Makefile&quot;  VERBOSE=1 clean"/>
				</MakeCommands>
			</Target>
		</Build>
		<Unit filename="C:/Users/asafa/Desktop/anter/projects/CS231n/CSV/lib/CSV.cpp">
			<Option target="CSV-lib"/>
		</Unit>
		<Unit filename="C:/Users/asafa/Desktop/anter/projects/CS231n/CSV/lib/CSV.h">
			<Option target="CSV-lib"/>
		</Unit>
		<Unit filename="C:/Users/asafa/Desktop/anter/projects/CS231n/CSV/lib/CSVData.cpp">
			<Option target="CSV-lib"/>
		</Unit>
		<Unit filename="C:/Users/asafa/Desktop/anter/projects/CS231n/CSV/lib/CSVData.h">
			<Option target="CSV-lib"/>
		</Unit>
		<Unit filename="C:/Users/asafa/Desktop/anter/projects/CS231n/CSV/lib/CSVExceptions.h">
			<Option target="CSV-lib"/>
		</Unit>
		<Unit filename="C:/Users/asafa/Desktop/anter/projects/CS231n/CSV/test/main.cpp">
			<Option target="CSV-test"/>
		</Unit>
		<Unit filename="C:/Users/asafa/Desktop/anter/projects/CS231n/Classifier/lib/Classifier.cpp">
			<Option target="Classifier-lib"/>
		</Unit>
		<Unit filename="C:/Users/asafa/Desktop/anter/projects/CS231n/Classifier/lib/Classifier.h">
			<Option target="Classifier-lib"/>
		</Unit>
		<Unit filename="C:/Users/asafa/Desktop/anter/projects/CS231n/Classifier/lib/KNN.cpp">
			<Option target="Classifier-lib"/>
		</Unit>
		<Unit filename="C:/Users/asafa/Desktop/anter/projects/CS231n/Classifier/lib/KNN.h">
			<Option target="Classifier-lib"/>
		</Unit>
		<Unit filename="C:/Users/asafa/Desktop/anter/projects/CS231n/Classifier/test/main.cpp">
			<Option target="Classifier-test"/>
		</Unit>
		<Unit filename="C:/Users/asafa/Desktop/anter/projects/CS231n/Image/lib/Image.cpp">
			<Option target="Image-lib"/>
		</Unit>
		<Unit filename="C:/Users/asafa/Desktop/anter/projects/CS231n/Image/lib/Image.h">
			<Option target="Image-lib"/>
		</Unit>
		<Unit filename="C:/Users/asafa/Desktop/anter/projects/CS231n/Image/test/main.cpp">
			<Option target="Image-test"/>
		</Unit>
		<Unit filename="C:/Users/asafa/Desktop/anter/projects/CS231n/ImageIterator/lib/ImageIterator.cpp">
			<Option target="ImageIterator-lib"/>
		</Unit>
		<Unit filename="C:/Users/asafa/Desktop/anter/projects/CS231n/ImageIterator/lib/ImageIterator.h">
			<Option target="ImageIterator-lib"/>
		</Unit>
		<Unit filename="C:/Users/asafa/Desktop/anter/projects/CS231n/ImageIterator/test/main.cpp">
			<Option target="ImageIterator-test"/>
		</Unit>
		<Unit filename="C:/Users/asafa/Desktop/anter/projects/CS231n/CMakeLists.txt">
			<Option virtualFolder="CMake Files\"/>
		</Unit>
		<Unit filename="C:/Users/asafa/Desktop/anter/projects/CS231n/CSV/CMakeLists.txt">
			<Option virtualFolder="CMake Files\CSV\"/>
		</Unit>
		<Unit filename="C:/Users/asafa/Desktop/anter/projects/CS231n/CSV/lib/CMakeLists.txt">
			<Option virtualFolder="CMake Files\CSV\lib\"/>
		</Unit>
		<Unit filename="C:/Users/asafa/Desktop/anter/projects/CS231n/CSV/test/CMakeLists.txt">
			<Option virtualFolder="CMake Files\CSV\test\"/>
		</Unit>
		<Unit filename="C:/Users/asafa/Desktop/anter/projects/CS231n/Image/CMakeLists.txt">
			<Option virtualFolder="CMake Files\Image\"/>
		</Unit>
		<Unit filename="C:/Users/asafa/Desktop/anter/projects/CS231n/Image/lib/CMakeLists.txt">
			<Option virtualFolder="CMake Files\Image\lib\"/>
		</Unit>
		<Unit filename="C:/Users/asafa/Desktop/anter/projects/CS231n/Image/test/CMakeLists.txt">
			<Option virtualFolder="CMake Files\Image\test\"/>
		</Unit>
		<Unit filename="C:/Users/asafa/Desktop/anter/projects/CS231n/ImageIterator/CMakeLists.txt">
			<Option virtualFolder="CMake Files\ImageIterator\"/>
		</Unit>
		<Unit filename="C:/Users/asafa/Desktop/anter/projects/CS231n/ImageIterator/lib/CMakeLists.txt">
			<Option virtualFolder="CMake Files\ImageIterator\lib\"/>
		</Unit>
		<Unit filename="C:/Users/asafa/Desktop/anter/projects/CS231n/ImageIterator/test/CMakeLists.txt">
			<Option virtualFolder="CMake Files\ImageIterator\test\"/>
		</Unit>
		<Unit filename="C:/Users/asafa/Desktop/anter/projects/CS231n/Classifier/CMakeLists.txt">
			<Option virtualFolder="CMake Files\Classifier\"/>
		</Unit>
		<Unit filename="C:/Users/asafa/Desktop/anter/projects/CS231n/Classifier/lib/CMakeLists.txt">
			<Option virtualFolder="CMake Files\Classifier\lib\"/>
		</Unit>
		<Unit filename="C:/Users/asafa/Desktop/anter/projects/CS231n/Classifier/test/CMakeLists.txt">
			<Option virtualFolder="CMake Files\Classifier\test\"/>
		</Unit>
	</Project>
</CodeBlocks_project_file>
